
Microsoft Visual Studio Solution File, Format Version 12.00
# Visual Studio Version 16
VisualStudioVersion = 16.0.31321.278
MinimumVisualStudioVersion = 10.0.40219.1
Project("{151D2E53-A2C4-4D7D-83FE-D05416EBD58E}") = "Saas.OnboardingFlow.CosmosDb.Deployment", "Saas.OnboardingFlow.CosmosDb.Deployment\Saas.OnboardingFlow.CosmosDb.Deployment.deployproj", "{2D1C90CA-DA8A-40C8-8E07-239D0F950F0F}"
EndProject
Global
	GlobalSection(SolutionConfigurationPlatforms) = preSolution
		Debug|Any CPU = Debug|Any CPU
		Release|Any CPU = Release|Any CPU
	EndGlobalSection
	GlobalSection(ProjectConfigurationPlatforms) = postSolution
		{2D1C90CA-DA8A-40C8-8E07-239D0F950F0F}.Debug|Any CPU.ActiveCfg = Debug|Any CPU
		{2D1C90CA-DA8A-40C8-8E07-239D0F950F0F}.Debug|Any CPU.Build.0 = Debug|Any CPU
		{2D1C90CA-DA8A-40C8-8E07-239D0F950F0F}.Release|Any CPU.ActiveCfg = Release|Any CPU
		{2D1C90CA-DA8A-40C8-8E07-239D0F950F0F}.Release|Any CPU.Build.0 = Release|Any CPU
	EndGlobalSection
	GlobalSection(SolutionProperties) = preSolution
		HideSolutionNode = FALSE
	EndGlobalSection
	GlobalSection(ExtensibilityGlobals) = postSolution
		SolutionGuid = {342F46EA-B825-4AFE-BA93-BEF89876AFF7}
	EndGlobalSection
EndGlobal
