
Microsoft Visual Studio Solution File, Format Version 12.00
# Visual Studio Version 17
VisualStudioVersion = 17.4.33205.214
MinimumVisualStudioVersion = 10.0.40219.1
Project("{9A19103F-16F7-4668-BE54-9A1E7A4F7556}") = "Saas.Permissions.Service", "Saas.Permissions.Service.csproj", "{0E84AC9E-5A92-491D-ACE3-B2E91B2C2B5D}"
	ProjectSection(ProjectDependencies) = postProject
		{5FF9E406-A16E-48B4-B6E2-E04B64F7BF28} = {5FF9E406-A16E-48B4-B6E2-E04B64F7BF28}
	EndProjectSection
EndProject
Project("{FAE04EC0-301F-11D3-BF4B-00C04F79EFBC}") = "ClientAssertionWithKeyVault", "..\..\..\Saas.Lib\ClientAssertionWithKeyVault\ClientAssertionWithKeyVault.csproj", "{5FF9E406-A16E-48B4-B6E2-E04B64F7BF28}"
EndProject
Global
	GlobalSection(SolutionConfigurationPlatforms) = preSolution
		Debug|Any CPU = Debug|Any CPU
		Release|Any CPU = Release|Any CPU
	EndGlobalSection
	GlobalSection(ProjectConfigurationPlatforms) = postSolution
		{0E84AC9E-5A92-491D-ACE3-B2E91B2C2B5D}.Debug|Any CPU.ActiveCfg = Debug|Any CPU
		{0E84AC9E-5A92-491D-ACE3-B2E91B2C2B5D}.Debug|Any CPU.Build.0 = Debug|Any CPU
		{0E84AC9E-5A92-491D-ACE3-B2E91B2C2B5D}.Release|Any CPU.ActiveCfg = Release|Any CPU
		{0E84AC9E-5A92-491D-ACE3-B2E91B2C2B5D}.Release|Any CPU.Build.0 = Release|Any CPU
		{5FF9E406-A16E-48B4-B6E2-E04B64F7BF28}.Debug|Any CPU.ActiveCfg = Debug|Any CPU
		{5FF9E406-A16E-48B4-B6E2-E04B64F7BF28}.Debug|Any CPU.Build.0 = Debug|Any CPU
		{5FF9E406-A16E-48B4-B6E2-E04B64F7BF28}.Release|Any CPU.ActiveCfg = Release|Any CPU
		{5FF9E406-A16E-48B4-B6E2-E04B64F7BF28}.Release|Any CPU.Build.0 = Release|Any CPU
	EndGlobalSection
	GlobalSection(SolutionProperties) = preSolution
		HideSolutionNode = FALSE
	EndGlobalSection
	GlobalSection(ExtensibilityGlobals) = postSolution
		SolutionGuid = {A177CAFB-8373-4CDC-8BF8-E68554B86D19}
	EndGlobalSection
EndGlobal
