
Microsoft Visual Studio Solution File, Format Version 12.00
# Visual Studio Version 17
VisualStudioVersion = 17.0.32014.148
MinimumVisualStudioVersion = 10.0.40219.1
Project("{9A19103F-16F7-4668-BE54-9A1E7A4F7556}") = "TestUtilities", "src\TestUtilities\TestUtilities.csproj", "{02F6CFF4-70ED-4C9D-AF21-4EE3AD668AA4}"
EndProject
Project("{9A19103F-16F7-4668-BE54-9A1E7A4F7556}") = "Saas.SignupAdministration.Web", "src\Saas.SignupAdministration\Saas.SignupAdministration.Web\Saas.SignupAdministration.Web.csproj", "{71694EE0-1D10-4DC3-B4EA-30C45A9FF31F}"
EndProject
Project("{151D2E53-A2C4-4D7D-83FE-D05416EBD58E}") = "Saas.SignupAdministration.Web.Deployment", "src\Saas.SignupAdministration\Saas.SignupAdministration.Web.Deployment\Saas.SignupAdministration.Web.Deployment.deployproj", "{6A0836ED-483E-4F7E-8248-AC00FB52E778}"
EndProject
Project("{9A19103F-16F7-4668-BE54-9A1E7A4F7556}") = "Saas.Admin.Service.Tests", "src\Saas.Admin\Saas.Admin.Service.Tests\Saas.Admin.Service.Tests.csproj", "{7AAD364B-DEFB-4C66-AEBA-D0A10DBDE45B}"
EndProject
Project("{9A19103F-16F7-4668-BE54-9A1E7A4F7556}") = "Saas.Admin.Service", "src\Saas.Admin\Saas.Admin.Service\Saas.Admin.Service.csproj", "{B75AFCC1-A92D-4122-9FB2-6C478C67132F}"
EndProject
Project("{2150E333-8FDC-42A3-9474-1A3956D46DE8}") = "Solution Items", "Solution Items", "{7037F896-6D8A-49AD-964C-6A0FA9AE09DC}"
	ProjectSection(SolutionItems) = preProject
		.editorconfig = .editorconfig
	EndProjectSection
EndProject
Project("{9A19103F-16F7-4668-BE54-9A1E7A4F7556}") = "Saas.Application.Web", "src\Saas.Application\Saas.Application.Web\Saas.Application.Web.csproj", "{29BBEAD7-1043-41EC-A89D-766E1402B701}"
EndProject
Project("{9A19103F-16F7-4668-BE54-9A1E7A4F7556}") = "Saas.AspNetCore.Authorization", "src\Saas.Authorization\Saas.AspNetCore.Authorization\Saas.AspNetCore.Authorization.csproj", "{6B9F75FC-4739-4CA1-9347-2F4092A794B1}"
EndProject
Project("{9A19103F-16F7-4668-BE54-9A1E7A4F7556}") = "Saas.Permissions.Service", "src\Saas.Identity\Saas.Permissions\Saas.Permissions.Service\Saas.Permissions.Service.csproj", "{E8F9B31E-E2E7-45F7-AE9B-68409630C82E}"
EndProject
Project("{9A19103F-16F7-4668-BE54-9A1E7A4F7556}") = "Saas.AspNetCore.Authorization.Tests", "src\Saas.Authorization\Saas.AspNetCore.Authorization.Tests\Saas.AspNetCore.Authorization.Tests.csproj", "{AEDE788C-35EF-4C03-AA2F-1D1D787001FA}"
EndProject
Project("{9A19103F-16F7-4668-BE54-9A1E7A4F7556}") = "Saas.Billing.Service", "src\Saas.Billing\Saas.Billing.Service\Saas.Billing.Service.csproj", "{48BA6628-649B-4845-8B8A-B2FFA4B10530}"
EndProject
Global
	GlobalSection(SolutionConfigurationPlatforms) = preSolution
		Debug|Any CPU = Debug|Any CPU
		Release|Any CPU = Release|Any CPU
	EndGlobalSection
	GlobalSection(ProjectConfigurationPlatforms) = postSolution
		{02F6CFF4-70ED-4C9D-AF21-4EE3AD668AA4}.Debug|Any CPU.ActiveCfg = Debug|Any CPU
		{02F6CFF4-70ED-4C9D-AF21-4EE3AD668AA4}.Debug|Any CPU.Build.0 = Debug|Any CPU
		{02F6CFF4-70ED-4C9D-AF21-4EE3AD668AA4}.Release|Any CPU.ActiveCfg = Release|Any CPU
		{02F6CFF4-70ED-4C9D-AF21-4EE3AD668AA4}.Release|Any CPU.Build.0 = Release|Any CPU
		{71694EE0-1D10-4DC3-B4EA-30C45A9FF31F}.Debug|Any CPU.ActiveCfg = Debug|Any CPU
		{71694EE0-1D10-4DC3-B4EA-30C45A9FF31F}.Debug|Any CPU.Build.0 = Debug|Any CPU
		{71694EE0-1D10-4DC3-B4EA-30C45A9FF31F}.Release|Any CPU.ActiveCfg = Release|Any CPU
		{71694EE0-1D10-4DC3-B4EA-30C45A9FF31F}.Release|Any CPU.Build.0 = Release|Any CPU
		{6A0836ED-483E-4F7E-8248-AC00FB52E778}.Debug|Any CPU.ActiveCfg = Debug|Any CPU
		{6A0836ED-483E-4F7E-8248-AC00FB52E778}.Debug|Any CPU.Build.0 = Debug|Any CPU
		{6A0836ED-483E-4F7E-8248-AC00FB52E778}.Release|Any CPU.ActiveCfg = Release|Any CPU
		{6A0836ED-483E-4F7E-8248-AC00FB52E778}.Release|Any CPU.Build.0 = Release|Any CPU
		{7AAD364B-DEFB-4C66-AEBA-D0A10DBDE45B}.Debug|Any CPU.ActiveCfg = Debug|Any CPU
		{7AAD364B-DEFB-4C66-AEBA-D0A10DBDE45B}.Debug|Any CPU.Build.0 = Debug|Any CPU
		{7AAD364B-DEFB-4C66-AEBA-D0A10DBDE45B}.Release|Any CPU.ActiveCfg = Release|Any CPU
		{7AAD364B-DEFB-4C66-AEBA-D0A10DBDE45B}.Release|Any CPU.Build.0 = Release|Any CPU
		{B75AFCC1-A92D-4122-9FB2-6C478C67132F}.Debug|Any CPU.ActiveCfg = Debug|Any CPU
		{B75AFCC1-A92D-4122-9FB2-6C478C67132F}.Debug|Any CPU.Build.0 = Debug|Any CPU
		{B75AFCC1-A92D-4122-9FB2-6C478C67132F}.Release|Any CPU.ActiveCfg = Release|Any CPU
		{B75AFCC1-A92D-4122-9FB2-6C478C67132F}.Release|Any CPU.Build.0 = Release|Any CPU
		{29BBEAD7-1043-41EC-A89D-766E1402B701}.Debug|Any CPU.ActiveCfg = Debug|Any CPU
		{29BBEAD7-1043-41EC-A89D-766E1402B701}.Debug|Any CPU.Build.0 = Debug|Any CPU
		{29BBEAD7-1043-41EC-A89D-766E1402B701}.Release|Any CPU.ActiveCfg = Release|Any CPU
		{29BBEAD7-1043-41EC-A89D-766E1402B701}.Release|Any CPU.Build.0 = Release|Any CPU
		{6B9F75FC-4739-4CA1-9347-2F4092A794B1}.Debug|Any CPU.ActiveCfg = Debug|Any CPU
		{6B9F75FC-4739-4CA1-9347-2F4092A794B1}.Debug|Any CPU.Build.0 = Debug|Any CPU
		{6B9F75FC-4739-4CA1-9347-2F4092A794B1}.Release|Any CPU.ActiveCfg = Release|Any CPU
		{6B9F75FC-4739-4CA1-9347-2F4092A794B1}.Release|Any CPU.Build.0 = Release|Any CPU
		{E8F9B31E-E2E7-45F7-AE9B-68409630C82E}.Debug|Any CPU.ActiveCfg = Debug|Any CPU
		{E8F9B31E-E2E7-45F7-AE9B-68409630C82E}.Debug|Any CPU.Build.0 = Debug|Any CPU
		{E8F9B31E-E2E7-45F7-AE9B-68409630C82E}.Release|Any CPU.ActiveCfg = Release|Any CPU
		{E8F9B31E-E2E7-45F7-AE9B-68409630C82E}.Release|Any CPU.Build.0 = Release|Any CPU
		{AEDE788C-35EF-4C03-AA2F-1D1D787001FA}.Debug|Any CPU.ActiveCfg = Debug|Any CPU
		{AEDE788C-35EF-4C03-AA2F-1D1D787001FA}.Debug|Any CPU.Build.0 = Debug|Any CPU
		{AEDE788C-35EF-4C03-AA2F-1D1D787001FA}.Release|Any CPU.ActiveCfg = Release|Any CPU
		{AEDE788C-35EF-4C03-AA2F-1D1D787001FA}.Release|Any CPU.Build.0 = Release|Any CPU
		{48BA6628-649B-4845-8B8A-B2FFA4B10530}.Debug|Any CPU.ActiveCfg = Debug|Any CPU
		{48BA6628-649B-4845-8B8A-B2FFA4B10530}.Debug|Any CPU.Build.0 = Debug|Any CPU
		{48BA6628-649B-4845-8B8A-B2FFA4B10530}.Release|Any CPU.ActiveCfg = Release|Any CPU
		{48BA6628-649B-4845-8B8A-B2FFA4B10530}.Release|Any CPU.Build.0 = Release|Any CPU
	EndGlobalSection
	GlobalSection(SolutionProperties) = preSolution
		HideSolutionNode = FALSE
	EndGlobalSection
	GlobalSection(ExtensibilityGlobals) = postSolution
		SolutionGuid = {FD825DD0-F9E6-41F6-AA7B-33A4ECC441F2}
	EndGlobalSection
EndGlobal
