
Microsoft Visual Studio Solution File, Format Version 12.00
# Visual Studio Version 17
VisualStudioVersion = 17.0.31717.71
MinimumVisualStudioVersion = 10.0.40219.1
Project("{FAE04EC0-301F-11D3-BF4B-00C04F79EFBC}") = "Saas.Identity.Api", "Saas.Identity.Api\Saas.Identity.Api.csproj", "{9922455E-7CC6-4E7A-A7ED-E349EE9661FA}"
EndProject
Project("{151D2E53-A2C4-4D7D-83FE-D05416EBD58E}") = "Saas.Identity.Deployment", "Saas.Identity.Deployment\Saas.Identity.Deployment.deployproj", "{83BC3243-9ADC-458C-B9B8-61D0EF7754FA}"
EndProject
Global
	GlobalSection(SolutionConfigurationPlatforms) = preSolution
		Debug|Any CPU = Debug|Any CPU
		Release|Any CPU = Release|Any CPU
	EndGlobalSection
	GlobalSection(ProjectConfigurationPlatforms) = postSolution
		{9922455E-7CC6-4E7A-A7ED-E349EE9661FA}.Debug|Any CPU.ActiveCfg = Debug|Any CPU
		{9922455E-7CC6-4E7A-A7ED-E349EE9661FA}.Debug|Any CPU.Build.0 = Debug|Any CPU
		{9922455E-7CC6-4E7A-A7ED-E349EE9661FA}.Release|Any CPU.ActiveCfg = Release|Any CPU
		{9922455E-7CC6-4E7A-A7ED-E349EE9661FA}.Release|Any CPU.Build.0 = Release|Any CPU
		{83BC3243-9ADC-458C-B9B8-61D0EF7754FA}.Debug|Any CPU.ActiveCfg = Debug|Any CPU
		{83BC3243-9ADC-458C-B9B8-61D0EF7754FA}.Debug|Any CPU.Build.0 = Debug|Any CPU
		{83BC3243-9ADC-458C-B9B8-61D0EF7754FA}.Release|Any CPU.ActiveCfg = Release|Any CPU
		{83BC3243-9ADC-458C-B9B8-61D0EF7754FA}.Release|Any CPU.Build.0 = Release|Any CPU
	EndGlobalSection
	GlobalSection(SolutionProperties) = preSolution
		HideSolutionNode = FALSE
	EndGlobalSection
	GlobalSection(ExtensibilityGlobals) = postSolution
		SolutionGuid = {1A92FFAB-E606-4F54-A790-C29457FC379E}
	EndGlobalSection
EndGlobal
