
Microsoft Visual Studio Solution File, Format Version 12.00
# Visual Studio Version 16
VisualStudioVersion = 16.0.31112.23
MinimumVisualStudioVersion = 10.0.40219.1
Project("{FAE04EC0-301F-11D3-BF4B-00C04F79EFBC}") = "Saas.Catalog.Api", "Saas.Catalog.Api\Saas.Catalog.Api.csproj", "{E3D7BFCB-393E-4DBF-BDC0-DBE40CD5C3B7}"
EndProject
Global
	GlobalSection(SolutionConfigurationPlatforms) = preSolution
		Debug|Any CPU = Debug|Any CPU
		Release|Any CPU = Release|Any CPU
	EndGlobalSection
	GlobalSection(ProjectConfigurationPlatforms) = postSolution
		{E3D7BFCB-393E-4DBF-BDC0-DBE40CD5C3B7}.Debug|Any CPU.ActiveCfg = Debug|Any CPU
		{E3D7BFCB-393E-4DBF-BDC0-DBE40CD5C3B7}.Debug|Any CPU.Build.0 = Debug|Any CPU
		{E3D7BFCB-393E-4DBF-BDC0-DBE40CD5C3B7}.Release|Any CPU.ActiveCfg = Release|Any CPU
		{E3D7BFCB-393E-4DBF-BDC0-DBE40CD5C3B7}.Release|Any CPU.Build.0 = Release|Any CPU
	EndGlobalSection
	GlobalSection(SolutionProperties) = preSolution
		HideSolutionNode = FALSE
	EndGlobalSection
	GlobalSection(ExtensibilityGlobals) = postSolution
		SolutionGuid = {8D689FF7-2135-4C2E-8AD8-D5FAFC9FE11A}
	EndGlobalSection
EndGlobal
