
Microsoft Visual Studio Solution File, Format Version 12.00
# Visual Studio Version 16
VisualStudioVersion = 16.0.31112.23
MinimumVisualStudioVersion = 10.0.40219.1
Project("{FAE04EC0-301F-11D3-BF4B-00C04F79EFBC}") = "Saas.Billing.Api", "Saas.Billing.Api\Saas.Billing.Api.csproj", "{080F29D1-EE92-4210-9726-640F559F5854}"
EndProject
Global
	GlobalSection(SolutionConfigurationPlatforms) = preSolution
		Debug|Any CPU = Debug|Any CPU
		Release|Any CPU = Release|Any CPU
	EndGlobalSection
	GlobalSection(ProjectConfigurationPlatforms) = postSolution
		{080F29D1-EE92-4210-9726-640F559F5854}.Debug|Any CPU.ActiveCfg = Debug|Any CPU
		{080F29D1-EE92-4210-9726-640F559F5854}.Debug|Any CPU.Build.0 = Debug|Any CPU
		{080F29D1-EE92-4210-9726-640F559F5854}.Release|Any CPU.ActiveCfg = Release|Any CPU
		{080F29D1-EE92-4210-9726-640F559F5854}.Release|Any CPU.Build.0 = Release|Any CPU
	EndGlobalSection
	GlobalSection(SolutionProperties) = preSolution
		HideSolutionNode = FALSE
	EndGlobalSection
	GlobalSection(ExtensibilityGlobals) = postSolution
		SolutionGuid = {460980B9-C292-4A2C-9CCA-1A2505C7D318}
	EndGlobalSection
EndGlobal
