
Microsoft Visual Studio Solution File, Format Version 12.00
# Visual Studio Version 16
VisualStudioVersion = 16.0.31112.23
MinimumVisualStudioVersion = 10.0.40219.1
Project("{9A19103F-16F7-4668-BE54-9A1E7A4F7556}") = "Saas.Provider.Web", "Saas.Provider.Web\Saas.Provider.Web.csproj", "{42415C21-8089-4DA0-8803-4C69C4FFC12F}"
EndProject
Project("{151D2E53-A2C4-4D7D-83FE-D05416EBD58E}") = "Saas.Provider.Web.Deployment", "Saas.Provider.Web.Deployment\Saas.Provider.Web.Deployment.deployproj", "{DE61C194-11B4-4868-92C8-E32F9716232D}"
EndProject
Global
	GlobalSection(SolutionConfigurationPlatforms) = preSolution
		Debug|Any CPU = Debug|Any CPU
		Release|Any CPU = Release|Any CPU
	EndGlobalSection
	GlobalSection(ProjectConfigurationPlatforms) = postSolution
		{42415C21-8089-4DA0-8803-4C69C4FFC12F}.Debug|Any CPU.ActiveCfg = Debug|Any CPU
		{42415C21-8089-4DA0-8803-4C69C4FFC12F}.Debug|Any CPU.Build.0 = Debug|Any CPU
		{42415C21-8089-4DA0-8803-4C69C4FFC12F}.Release|Any CPU.ActiveCfg = Release|Any CPU
		{42415C21-8089-4DA0-8803-4C69C4FFC12F}.Release|Any CPU.Build.0 = Release|Any CPU
		{DE61C194-11B4-4868-92C8-E32F9716232D}.Debug|Any CPU.ActiveCfg = Debug|Any CPU
		{DE61C194-11B4-4868-92C8-E32F9716232D}.Debug|Any CPU.Build.0 = Debug|Any CPU
		{DE61C194-11B4-4868-92C8-E32F9716232D}.Release|Any CPU.ActiveCfg = Release|Any CPU
		{DE61C194-11B4-4868-92C8-E32F9716232D}.Release|Any CPU.Build.0 = Release|Any CPU
	EndGlobalSection
	GlobalSection(SolutionProperties) = preSolution
		HideSolutionNode = FALSE
	EndGlobalSection
	GlobalSection(ExtensibilityGlobals) = postSolution
		SolutionGuid = {2F5F4447-55DB-4B62-915D-CC3F85CB692C}
	EndGlobalSection
EndGlobal
