
Microsoft Visual Studio Solution File, Format Version 12.00
# Visual Studio Version 16
VisualStudioVersion = 16.0.30114.105
MinimumVisualStudioVersion = 10.0.40219.1
Project("{FAE04EC0-301F-11D3-BF4B-00C04F79EFBC}") = "Saas.Admin.Service", "Saas.Admin.Service\Saas.Admin.Service.csproj", "{A6134452-BA8E-4C84-8879-C8EEF82ED5C9}"
EndProject
Project("{FAE04EC0-301F-11D3-BF4B-00C04F79EFBC}") = "Saas.Admin.Service.Tests", "Saas.Admin.Service.Tests\Saas.Admin.Service.Tests.csproj", "{5974515A-43DF-43E7-A1E6-FC97E47E480F}"
EndProject
Project("{FAE04EC0-301F-11D3-BF4B-00C04F79EFBC}") = "TestUtilities", "..\TestUtilities\TestUtilities.csproj", "{5A220537-38DA-495B-8CCF-723FA65310F1}"
EndProject
Global
	GlobalSection(SolutionConfigurationPlatforms) = preSolution
		Debug|Any CPU = Debug|Any CPU
		Release|Any CPU = Release|Any CPU
	EndGlobalSection
	GlobalSection(SolutionProperties) = preSolution
		HideSolutionNode = FALSE
	EndGlobalSection
	GlobalSection(ProjectConfigurationPlatforms) = postSolution
		{A6134452-BA8E-4C84-8879-C8EEF82ED5C9}.Debug|Any CPU.ActiveCfg = Debug|Any CPU
		{A6134452-BA8E-4C84-8879-C8EEF82ED5C9}.Debug|Any CPU.Build.0 = Debug|Any CPU
		{A6134452-BA8E-4C84-8879-C8EEF82ED5C9}.Release|Any CPU.ActiveCfg = Release|Any CPU
		{A6134452-BA8E-4C84-8879-C8EEF82ED5C9}.Release|Any CPU.Build.0 = Release|Any CPU
		{5974515A-43DF-43E7-A1E6-FC97E47E480F}.Debug|Any CPU.ActiveCfg = Debug|Any CPU
		{5974515A-43DF-43E7-A1E6-FC97E47E480F}.Debug|Any CPU.Build.0 = Debug|Any CPU
		{5974515A-43DF-43E7-A1E6-FC97E47E480F}.Release|Any CPU.ActiveCfg = Release|Any CPU
		{5974515A-43DF-43E7-A1E6-FC97E47E480F}.Release|Any CPU.Build.0 = Release|Any CPU
		{5A220537-38DA-495B-8CCF-723FA65310F1}.Debug|Any CPU.ActiveCfg = Debug|Any CPU
		{5A220537-38DA-495B-8CCF-723FA65310F1}.Debug|Any CPU.Build.0 = Debug|Any CPU
		{5A220537-38DA-495B-8CCF-723FA65310F1}.Release|Any CPU.ActiveCfg = Release|Any CPU
		{5A220537-38DA-495B-8CCF-723FA65310F1}.Release|Any CPU.Build.0 = Release|Any CPU
	EndGlobalSection
EndGlobal
