
Microsoft Visual Studio Solution File, Format Version 12.00
# Visual Studio Version 17
VisualStudioVersion = 17.1.31911.260
MinimumVisualStudioVersion = 10.0.40219.1
Project("{9A19103F-16F7-4668-BE54-9A1E7A4F7556}") = "Saas.Admin.Web", "Saas.Admin.Web\Saas.Admin.Web.csproj", "{2DD62574-4495-4F92-85A8-44CCAFDB3BCD}"
EndProject
Project("{151D2E53-A2C4-4D7D-83FE-D05416EBD58E}") = "Saas.Admin.Web.Deployment", "Saas.Admin.Web.Deployment\Saas.Admin.Web.Deployment.deployproj", "{D52C84E3-A85C-4BDE-9550-35E6C075381C}"
EndProject
Project("{9A19103F-16F7-4668-BE54-9A1E7A4F7556}") = "Saas.Admin.Web.Tests", "Saas.Admin.Web.Tests\Saas.Admin.Web.Tests.csproj", "{C8CCC477-7034-4C9D-8992-3A3F0C16E00B}"
EndProject
Global
	GlobalSection(SolutionConfigurationPlatforms) = preSolution
		Debug|Any CPU = Debug|Any CPU
		Release|Any CPU = Release|Any CPU
	EndGlobalSection
	GlobalSection(ProjectConfigurationPlatforms) = postSolution
		{2DD62574-4495-4F92-85A8-44CCAFDB3BCD}.Debug|Any CPU.ActiveCfg = Debug|Any CPU
		{2DD62574-4495-4F92-85A8-44CCAFDB3BCD}.Debug|Any CPU.Build.0 = Debug|Any CPU
		{2DD62574-4495-4F92-85A8-44CCAFDB3BCD}.Release|Any CPU.ActiveCfg = Release|Any CPU
		{2DD62574-4495-4F92-85A8-44CCAFDB3BCD}.Release|Any CPU.Build.0 = Release|Any CPU
		{D52C84E3-A85C-4BDE-9550-35E6C075381C}.Debug|Any CPU.ActiveCfg = Debug|Any CPU
		{D52C84E3-A85C-4BDE-9550-35E6C075381C}.Debug|Any CPU.Build.0 = Debug|Any CPU
		{D52C84E3-A85C-4BDE-9550-35E6C075381C}.Release|Any CPU.ActiveCfg = Release|Any CPU
		{D52C84E3-A85C-4BDE-9550-35E6C075381C}.Release|Any CPU.Build.0 = Release|Any CPU
		{C8CCC477-7034-4C9D-8992-3A3F0C16E00B}.Debug|Any CPU.ActiveCfg = Debug|Any CPU
		{C8CCC477-7034-4C9D-8992-3A3F0C16E00B}.Debug|Any CPU.Build.0 = Debug|Any CPU
		{C8CCC477-7034-4C9D-8992-3A3F0C16E00B}.Release|Any CPU.ActiveCfg = Release|Any CPU
		{C8CCC477-7034-4C9D-8992-3A3F0C16E00B}.Release|Any CPU.Build.0 = Release|Any CPU
	EndGlobalSection
	GlobalSection(SolutionProperties) = preSolution
		HideSolutionNode = FALSE
	EndGlobalSection
	GlobalSection(ExtensibilityGlobals) = postSolution
		SolutionGuid = {F979A8AE-8E6F-4FDB-A37A-3CA824D1C3D4}
	EndGlobalSection
EndGlobal
