
Microsoft Visual Studio Solution File, Format Version 12.00
# Visual Studio Version 16
VisualStudioVersion = 16.0.31112.23
MinimumVisualStudioVersion = 10.0.40219.1
Project("{FAE04EC0-301F-11D3-BF4B-00C04F79EFBC}") = "Saas.Customers.Api", "Saas.Customers.Api\Saas.Customers.Api.csproj", "{BA07F852-D0BA-4B18-A778-3B0AFBD88FD9}"
EndProject
Global
	GlobalSection(SolutionConfigurationPlatforms) = preSolution
		Debug|Any CPU = Debug|Any CPU
		Release|Any CPU = Release|Any CPU
	EndGlobalSection
	GlobalSection(ProjectConfigurationPlatforms) = postSolution
		{BA07F852-D0BA-4B18-A778-3B0AFBD88FD9}.Debug|Any CPU.ActiveCfg = Debug|Any CPU
		{BA07F852-D0BA-4B18-A778-3B0AFBD88FD9}.Debug|Any CPU.Build.0 = Debug|Any CPU
		{BA07F852-D0BA-4B18-A778-3B0AFBD88FD9}.Release|Any CPU.ActiveCfg = Release|Any CPU
		{BA07F852-D0BA-4B18-A778-3B0AFBD88FD9}.Release|Any CPU.Build.0 = Release|Any CPU
	EndGlobalSection
	GlobalSection(SolutionProperties) = preSolution
		HideSolutionNode = FALSE
	EndGlobalSection
	GlobalSection(ExtensibilityGlobals) = postSolution
		SolutionGuid = {FF8B50D2-F485-4003-B53A-00FFFF862B0D}
	EndGlobalSection
EndGlobal
