
Microsoft Visual Studio Solution File, Format Version 12.00
# Visual Studio Version 16
VisualStudioVersion = 16.0.31410.357
MinimumVisualStudioVersion = 10.0.40219.1
Project("{151D2E53-A2C4-4D7D-83FE-D05416EBD58E}") = "Saas.Deployment.Root", "Saas.Deployment.Root\Saas.Deployment.Root.deployproj", "{BF9A592C-510B-493C-AEE4-45BA45A8323E}"
EndProject
Global
	GlobalSection(SolutionConfigurationPlatforms) = preSolution
		Debug|Any CPU = Debug|Any CPU
		Release|Any CPU = Release|Any CPU
	EndGlobalSection
	GlobalSection(ProjectConfigurationPlatforms) = postSolution
		{BF9A592C-510B-493C-AEE4-45BA45A8323E}.Debug|Any CPU.ActiveCfg = Debug|Any CPU
		{BF9A592C-510B-493C-AEE4-45BA45A8323E}.Debug|Any CPU.Build.0 = Debug|Any CPU
		{BF9A592C-510B-493C-AEE4-45BA45A8323E}.Release|Any CPU.ActiveCfg = Release|Any CPU
		{BF9A592C-510B-493C-AEE4-45BA45A8323E}.Release|Any CPU.Build.0 = Release|Any CPU
	EndGlobalSection
	GlobalSection(SolutionProperties) = preSolution
		HideSolutionNode = FALSE
	EndGlobalSection
	GlobalSection(ExtensibilityGlobals) = postSolution
		SolutionGuid = {05ADD27F-C60B-41BC-AF78-8E90567D58B0}
	EndGlobalSection
EndGlobal
