
Microsoft Visual Studio Solution File, Format Version 12.00
# Visual Studio Version 17
VisualStudioVersion = 17.4.33213.308
MinimumVisualStudioVersion = 10.0.40219.1
Project("{9A19103F-16F7-4668-BE54-9A1E7A4F7556}") = "Saas.SignupAdministration.Web", "Saas.SignupAdministration.Web\Saas.SignupAdministration.Web.csproj", "{42415C21-8089-4DA0-8803-4C69C4FFC12F}"
EndProject
Project("{9A19103F-16F7-4668-BE54-9A1E7A4F7556}") = "Saas.Shared", "..\Saas.Lib\Saas.Shared\Saas.Shared.csproj", "{7611AF38-07BB-47AA-A002-9BBA79444E90}"
EndProject
Project("{9A19103F-16F7-4668-BE54-9A1E7A4F7556}") = "Saas.Identity", "..\Saas.Lib\Saas.Identity\Saas.Identity.csproj", "{7E6F5E35-997D-4800-BD03-3CCE40877271}"
EndProject
Global
	GlobalSection(SolutionConfigurationPlatforms) = preSolution
		Debug|Any CPU = Debug|Any CPU
		Release|Any CPU = Release|Any CPU
	EndGlobalSection
	GlobalSection(ProjectConfigurationPlatforms) = postSolution
		{42415C21-8089-4DA0-8803-4C69C4FFC12F}.Debug|Any CPU.ActiveCfg = Debug|Any CPU
		{42415C21-8089-4DA0-8803-4C69C4FFC12F}.Debug|Any CPU.Build.0 = Debug|Any CPU
		{42415C21-8089-4DA0-8803-4C69C4FFC12F}.Release|Any CPU.ActiveCfg = Release|Any CPU
		{42415C21-8089-4DA0-8803-4C69C4FFC12F}.Release|Any CPU.Build.0 = Release|Any CPU
		{7611AF38-07BB-47AA-A002-9BBA79444E90}.Debug|Any CPU.ActiveCfg = Debug|Any CPU
		{7611AF38-07BB-47AA-A002-9BBA79444E90}.Debug|Any CPU.Build.0 = Debug|Any CPU
		{7611AF38-07BB-47AA-A002-9BBA79444E90}.Release|Any CPU.ActiveCfg = Release|Any CPU
		{7611AF38-07BB-47AA-A002-9BBA79444E90}.Release|Any CPU.Build.0 = Release|Any CPU
		{7E6F5E35-997D-4800-BD03-3CCE40877271}.Debug|Any CPU.ActiveCfg = Debug|Any CPU
		{7E6F5E35-997D-4800-BD03-3CCE40877271}.Debug|Any CPU.Build.0 = Debug|Any CPU
		{7E6F5E35-997D-4800-BD03-3CCE40877271}.Release|Any CPU.ActiveCfg = Release|Any CPU
		{7E6F5E35-997D-4800-BD03-3CCE40877271}.Release|Any CPU.Build.0 = Release|Any CPU
	EndGlobalSection
	GlobalSection(SolutionProperties) = preSolution
		HideSolutionNode = FALSE
	EndGlobalSection
	GlobalSection(ExtensibilityGlobals) = postSolution
		SolutionGuid = {2F5F4447-55DB-4B62-915D-CC3F85CB692C}
	EndGlobalSection
EndGlobal
