
Microsoft Visual Studio Solution File, Format Version 12.00
# Visual Studio Version 16
VisualStudioVersion = 16.0.31112.23
MinimumVisualStudioVersion = 10.0.40219.1
Project("{FAE04EC0-301F-11D3-BF4B-00C04F79EFBC}") = "Saas.Orders.Api", "Saas.Orders.Api\Saas.Orders.Api.csproj", "{3EFA6D42-5841-4C03-AA9E-A63A33CEDE7A}"
EndProject
Global
	GlobalSection(SolutionConfigurationPlatforms) = preSolution
		Debug|Any CPU = Debug|Any CPU
		Release|Any CPU = Release|Any CPU
	EndGlobalSection
	GlobalSection(ProjectConfigurationPlatforms) = postSolution
		{3EFA6D42-5841-4C03-AA9E-A63A33CEDE7A}.Debug|Any CPU.ActiveCfg = Debug|Any CPU
		{3EFA6D42-5841-4C03-AA9E-A63A33CEDE7A}.Debug|Any CPU.Build.0 = Debug|Any CPU
		{3EFA6D42-5841-4C03-AA9E-A63A33CEDE7A}.Release|Any CPU.ActiveCfg = Release|Any CPU
		{3EFA6D42-5841-4C03-AA9E-A63A33CEDE7A}.Release|Any CPU.Build.0 = Release|Any CPU
	EndGlobalSection
	GlobalSection(SolutionProperties) = preSolution
		HideSolutionNode = FALSE
	EndGlobalSection
	GlobalSection(ExtensibilityGlobals) = postSolution
		SolutionGuid = {41B4DB26-89D1-4799-B0ED-2BA8915CBF6B}
	EndGlobalSection
EndGlobal
